# This file is autogenerated, do not edit; changes may be undone by the next 'dep ensure'.


[[projects]]
  digest = "1:0b777c638079589acffc92857c8d636a8b4dd957395a587714dcba43ae512230"
  name = "cloud.google.com/go"
  packages = [
    ".",
    "compute/metadata",
    "iam",
    "internal",
    "internal/optional",
    "internal/trace",
    "internal/version",
    "logging",
    "logging/apiv2",
    "logging/internal",
    "storage",
  ]
  pruneopts = "NUT"
  revision = "d1ee711ee996fa74abaffbdb572963f368f215a9"
  version = "v0.49.0"

[[projects]]
  branch = "master"
  digest = "1:5bd72a927d29dbc76b4de94f2d3928236d912aa04d2555a29ec7d7deb2f8f60c"
  name = "github.com/NYTimes/gziphandler"
  packages = ["."]
  pruneopts = "NUT"
  revision = "2f8bb1d30d9d69c8e0c3714da5a9917125a87769"

[[projects]]
  branch = "master"
  digest = "1:b7cb6054d3dff43b38ad2e92492f220f57ae6087ee797dca298139776749ace8"
  name = "github.com/golang/groupcache"
  packages = ["lru"]
  pruneopts = "NUT"
  revision = "611e8accdfc92c4187d399e95ce826046d4c8d73"

[[projects]]
  branch = "master"
  digest = "1:2732ced56a97e9d851c7758ea4ca5bd42566e1e4e7b74817e450011c3d1aa142"
  name = "github.com/golang/protobuf"
  packages = [
    "proto",
    "protoc-gen-go",
    "protoc-gen-go/descriptor",
    "protoc-gen-go/generator",
    "protoc-gen-go/generator/internal/remap",
    "protoc-gen-go/grpc",
    "protoc-gen-go/plugin",
    "ptypes",
    "ptypes/any",
    "ptypes/duration",
    "ptypes/empty",
    "ptypes/struct",
    "ptypes/timestamp",
  ]
  pruneopts = "NUT"
  revision = "ed6926b37a637426117ccab59282c3839528a700"

[[projects]]
  digest = "1:1d1cbf539d9ac35eb3148129f96be5537f1a1330cadcc7e3a83b4e72a59672a3"
  name = "github.com/google/go-cmp"
  packages = [
    "cmp",
    "cmp/internal/diff",
    "cmp/internal/flags",
    "cmp/internal/function",
    "cmp/internal/value",
  ]
  pruneopts = "NUT"
  revision = "2d0692c2e9617365a95b295612ac0d4415ba4627"
  version = "v0.3.1"

[[projects]]
  digest = "1:4b76f3e067eed897a45242383a2aa4d0a2fdbf73a8d00c03167dba80c43630b1"
  name = "github.com/googleapis/gax-go"
  packages = ["v2"]
  pruneopts = "NUT"
  revision = "bd5b16380fd03dc758d11cef74ba2e3bc8b0e8c2"
  version = "v2.0.5"

[[projects]]
  branch = "master"
  digest = "1:94633b5e99d72403cc38ff783a6d57691ae382f79dee37660fd0aa033b45d10e"
  name = "github.com/russross/blackfriday"
  packages = ["."]
  pruneopts = "NUT"
  revision = "a925a152c144ea7de0f451eaf2f7db9e52fa005a"

[[projects]]
  digest = "1:91e02ea9a4d9befd7d6452739b315215f967bf1c9af4bff3fc0c711609f1ff3c"
  name = "go.opencensus.io"
  packages = [
    ".",
    "internal",
    "internal/tagencoding",
    "metric/metricdata",
    "metric/metricproducer",
    "plugin/ocgrpc",
    "plugin/ochttp",
    "plugin/ochttp/propagation/b3",
    "resource",
    "stats",
    "stats/internal",
    "stats/view",
    "tag",
    "trace",
    "trace/internal",
    "trace/propagation",
    "trace/tracestate",
  ]
  pruneopts = "NUT"
  revision = "aad2c527c5defcf89b5afab7f37274304195a6b2"
  version = "v0.22.2"

[[projects]]
  branch = "master"
  digest = "1:f416f961c181919018f489a9e23101b05607fd7fc09c4ba03dd5982b1779711b"
  name = "golang.org/x/crypto"
  packages = [
    "acme",
    "acme/autocert",
    "hkdf",
  ]
  pruneopts = "NUT"
  revision = "497ca9f6d64f9bb73048a960b4098309edcd2205"

[[projects]]
  branch = "master"
  digest = "1:7eb3fb46bfc7073576536471c99f3d9b797c3174b9b03038fe926d86eba3a7dd"
  name = "golang.org/x/net"
  packages = [
    "context",
    "context/ctxhttp",
    "http/httpguts",
    "http2",
    "http2/hpack",
    "idna",
    "internal/timeseries",
    "trace",
  ]
  pruneopts = "NUT"
  revision = "fc4aabc6c91483155dade6fbb627cc953a723260"

[[projects]]
  branch = "master"
  digest = "1:1519760444b90c560eb01373869bc66fd539e6fe1bf77af22047c43edc40ab35"
  name = "golang.org/x/oauth2"
  packages = [
    ".",
    "google",
    "internal",
    "jws",
    "jwt",
  ]
  pruneopts = "NUT"
  revision = "0f29369cfe4552d0e4bcddc57cc75f4d7e672a33"

[[projects]]
  branch = "master"
  digest = "1:382bb5a7fb4034db3b6a2d19e5a4a6bcf52f4750530603c01ca18a172fa3089b"
  name = "golang.org/x/sync"
  packages = ["semaphore"]
  pruneopts = "NUT"
  revision = "cd5d95a43a6e21273425c7ae415d3df9ea832eeb"

[[projects]]
  branch = "master"
  digest = "1:64c35c6f93469f1ec5d93cec2222a4db949e1843ee31ff9141452891a899c31a"
  name = "golang.org/x/sys"
  packages = ["unix"]
  pruneopts = "NUT"
  revision = "f068ffe820e46336f56dfca7777430582d6e507b"

[[projects]]
  branch = "master"
  digest = "1:784d39e396f528a6ad58cd2b9f4f64e007d87caba9adf8bc7444a013cb3208a7"
  name = "golang.org/x/text"
  packages = [
    "cases",
    "internal",
    "internal/gen",
    "internal/language",
    "internal/language/compact",
    "internal/tag",
    "internal/triegen",
    "internal/ucd",
    "language",
    "runes",
    "secure/bidirule",
    "secure/precis",
    "transform",
    "unicode/bidi",
    "unicode/cldr",
    "unicode/norm",
    "unicode/rangetable",
    "width",
  ]
  pruneopts = "NUT"
  revision = "4b67af870c6ffd08258ef1202f371aebccaf7b68"

[[projects]]
  branch = "master"
  digest = "1:a8a3adab7e1b67adbb6179801bcd23173ccd810cbc955319e6f8a696c58b2c0d"
  name = "google.golang.org/api"
  packages = [
    "cloudbuild/v1",
    "cloudtrace/v1",
    "compute/v1",
    "container/v1",
    "dns/v1",
    "googleapi",
    "googleapi/transport",
    "iam/v1",
    "internal",
    "internal/gensupport",
    "internal/third_party/uritemplates",
    "iterator",
    "option",
    "storage/v1",
    "support/bundler",
    "transport",
    "transport/grpc",
    "transport/http",
    "transport/http/internal/propagation",
  ]
  pruneopts = "NUT"
  revision = "006ab4afe25e899e4ec545ce1cbfdaed675d15d8"

[[projects]]
  digest = "1:be5054b1c190011dca4e1c3c051025294e97f14fdfd354093fc233b4d05dcd98"
  name = "google.golang.org/appengine"
  packages = [
    ".",
    "internal",
    "internal/app_identity",
    "internal/base",
    "internal/datastore",
    "internal/log",
    "internal/modules",
    "internal/remote_api",
    "internal/socket",
    "internal/urlfetch",
    "socket",
    "urlfetch",
  ]
  pruneopts = "NUT"
  revision = "971852bfffca25b069c31162ae8f247a3dba083b"
  version = "v1.6.5"

[[projects]]
  branch = "master"
  digest = "1:2b9d04d81827d8ca99fcf8a25b2305414dd3ba23dac557133209b8659da8a0c9"
  name = "google.golang.org/genproto"
  packages = [
    "googleapis/api",
    "googleapis/api/annotations",
    "googleapis/api/distribution",
    "googleapis/api/label",
    "googleapis/api/metric",
    "googleapis/api/monitoredres",
    "googleapis/iam/v1",
    "googleapis/logging/type",
    "googleapis/logging/v2",
    "googleapis/rpc/code",
    "googleapis/rpc/status",
    "googleapis/type/expr",
    "protobuf/field_mask",
  ]
  pruneopts = "NUT"
  revision = "83cc0476cb11ea0da33dacd4c6354ab192de6fe6"

[[projects]]
  digest = "1:ac05f4844011d9a131f0644945e0b165147cf216fd19bc4a0879f21753ec1391"
  name = "google.golang.org/grpc"
  packages = [
    ".",
    "backoff",
    "balancer",
    "balancer/base",
    "balancer/grpclb",
    "balancer/grpclb/grpc_lb_v1",
    "balancer/roundrobin",
    "binarylog/grpc_binarylog_v1",
    "codes",
    "connectivity",
    "credentials",
    "credentials/alts",
    "credentials/alts/internal",
    "credentials/alts/internal/authinfo",
    "credentials/alts/internal/conn",
    "credentials/alts/internal/handshaker",
    "credentials/alts/internal/handshaker/service",
    "credentials/alts/internal/proto/grpc_gcp",
    "credentials/google",
    "credentials/internal",
    "credentials/oauth",
    "encoding",
    "encoding/proto",
    "grpclog",
    "internal",
    "internal/backoff",
    "internal/balancerload",
    "internal/binarylog",
    "internal/buffer",
    "internal/channelz",
    "internal/envconfig",
    "internal/grpcrand",
    "internal/grpcsync",
    "internal/resolver/dns",
    "internal/resolver/passthrough",
    "internal/syscall",
    "internal/transport",
    "keepalive",
    "metadata",
    "naming",
    "peer",
    "resolver",
    "serviceconfig",
    "stats",
    "status",
    "tap",
  ]
  pruneopts = "NUT"
  revision = "1a3960e4bd028ac0cec0a2afd27d7d8e67c11514"
  version = "v1.25.1"

[[projects]]
  branch = "v2"
  digest = "1:97b8aa8479c4ac57d3595bf22403d70eb0064fccd5781f09b50badb155738096"
  name = "gopkg.in/yaml.v2"
  packages = ["."]
  pruneopts = "NUT"
  revision = "a95acef3719e5e9f7614cc90a119dee4699291eb"

[[projects]]
  branch = "master"
  digest = "1:9e4aa26e9c00aa7171d12d8918c812596a1b2b019aba11f729f83a7579d99c95"
  name = "upspin.io"
  packages = [
    "access",
    "bind",
    "cache",
    "client",
    "client/clientutil",
    "client/file",
    "cloud/https",
    "cloud/mail",
    "cloud/mail/sendgrid",
    "cloud/storage",
    "config",
    "dir/inprocess",
    "dir/remote",
    "dir/server",
    "dir/server/serverlog",
    "dir/server/tree",
    "dir/unassigned",
    "errors",
    "factotum",
    "flags",
    "key/inprocess",
    "key/remote",
    "key/server",
    "key/sha256key",
    "key/transports",
    "key/unassigned",
    "key/usercache",
    "log",
    "metric",
    "pack",
    "pack/ee",
    "pack/eeintegrity",
    "pack/internal",
    "pack/packutil",
    "pack/plain",
    "path",
    "rpc",
    "rpc/dirserver",
    "rpc/keyserver",
    "rpc/local",
    "rpc/storeserver",
    "serverutil",
    "serverutil/dirserver",
    "serverutil/frontend",
    "serverutil/keyserver",
    "serverutil/perm",
    "serverutil/signup",
    "serverutil/storeserver",
    "serverutil/upspinserver",
    "serverutil/web",
    "shutdown",
    "store/inprocess",
    "store/remote",
    "store/server",
    "store/transports",
    "store/unassigned",
    "subcmd",
    "test/testutil",
    "transports",
    "upspin",
    "upspin/proto",
    "user",
    "valid",
    "version",
  ]
  pruneopts = "NUT"
  revision = "46bda5db8a706c82ddddbff593cad95b483a9375"

[solve-meta]
  analyzer-name = "dep"
  analyzer-version = 1
  input-imports = [
    "cloud.google.com/go/compute/metadata",
    "cloud.google.com/go/logging",
    "cloud.google.com/go/storage",
    "golang.org/x/net/context",
    "golang.org/x/oauth2",
    "golang.org/x/oauth2/google",
    "google.golang.org/api/cloudbuild/v1",
    "google.golang.org/api/cloudtrace/v1",
    "google.golang.org/api/compute/v1",
    "google.golang.org/api/container/v1",
    "google.golang.org/api/dns/v1",
    "google.golang.org/api/googleapi",
    "google.golang.org/api/iam/v1",
    "google.golang.org/api/iterator",
    "google.golang.org/api/option",
    "google.golang.org/api/storage/v1",
    "upspin.io/access",
    "upspin.io/cache",
    "upspin.io/cloud/https",
    "upspin.io/cloud/storage",
    "upspin.io/config",
    "upspin.io/errors",
    "upspin.io/flags",
    "upspin.io/key/transports",
    "upspin.io/log",
    "upspin.io/metric",
    "upspin.io/pack",
    "upspin.io/pack/ee",
    "upspin.io/pack/eeintegrity",
    "upspin.io/pack/plain",
    "upspin.io/path",
    "upspin.io/rpc/dirserver",
    "upspin.io/rpc/storeserver",
    "upspin.io/serverutil",
    "upspin.io/serverutil/dirserver",
    "upspin.io/serverutil/frontend",
    "upspin.io/serverutil/keyserver",
    "upspin.io/serverutil/storeserver",
    "upspin.io/serverutil/upspinserver",
    "upspin.io/subcmd",
    "upspin.io/transports",
    "upspin.io/upspin",
    "upspin.io/valid",
  ]
  solver-name = "gps-cdcl"
  solver-version = 1
