# This file is autogenerated, do not edit; changes may be undone by the next 'dep ensure'.


[[projects]]
  digest = "1:fac4e81a30216dd4938ceb98105928e80d9d47a94c5aba9d3f504cbd69f381f0"
  name = "cloud.google.com/go"
  packages = [
    "compute/metadata",
    "iam",
    "internal",
    "internal/optional",
    "internal/version",
    "logging",
    "logging/apiv2",
    "logging/internal",
    "storage",
  ]
  pruneopts = "NUT"
  revision = "eaddaf6dd7ee35fd3c2420c8d27478db176b0485"
  version = "v0.15.0"

[[projects]]
  branch = "master"
  digest = "1:4b9d65d61c6bfb1e68f34673315341dcbcd51eaa96ea9d3e4a12fadf1a15e585"
  name = "github.com/NYTimes/gziphandler"
  packages = ["."]
  pruneopts = "NUT"
  revision = "97ae7fbaf81620fe97840685304a78a306a39c64"

[[projects]]
  branch = "master"
  digest = "1:c3b51d77c23373726cf7ef2ebc728cc864757e68a13a0e2c06e712bbda6e5453"
  name = "github.com/golang/protobuf"
  packages = [
    "proto",
    "protoc-gen-go/descriptor",
    "ptypes",
    "ptypes/any",
    "ptypes/duration",
    "ptypes/empty",
    "ptypes/struct",
    "ptypes/timestamp",
  ]
  pruneopts = "NUT"
  revision = "1643683e1b54a9e88ad26d98f81400c8c9d9f4f9"

[[projects]]
  digest = "1:fe852c57b4fc4d11e6ef79bce1e930ee2f2f7d148b370afef8f8d012a80960ea"
  name = "github.com/googleapis/gax-go"
  packages = ["."]
  pruneopts = "NUT"
  revision = "317e0006254c44a0ac427cc52a0e083ff0b9622f"
  version = "v2.0.0"

[[projects]]
  branch = "master"
  digest = "1:ed79e22e8070bbe689f17994cc754cf54686be4e357b8280fe77a7400134adac"
  name = "github.com/russross/blackfriday"
  packages = ["."]
  pruneopts = "NUT"
  revision = "6d1ef893fcb01b4f50cb6e57ed7df3e2e627b6b2"

[[projects]]
  branch = "master"
  digest = "1:f416f961c181919018f489a9e23101b05607fd7fc09c4ba03dd5982b1779711b"
  name = "golang.org/x/crypto"
  packages = [
    "acme",
    "acme/autocert",
    "hkdf",
  ]
  pruneopts = "NUT"
  revision = "497ca9f6d64f9bb73048a960b4098309edcd2205"

[[projects]]
  branch = "master"
  digest = "1:6489b6e2db6c10a4d0ab13bbfb59a4ecceea8199807caf3bbd8afa678272810c"
  name = "golang.org/x/net"
  packages = [
    "context",
    "context/ctxhttp",
    "http2",
    "http2/hpack",
    "idna",
    "internal/timeseries",
    "lex/httplex",
    "trace",
  ]
  pruneopts = "NUT"
  revision = "c73622c77280266305273cb545f54516ced95b93"

[[projects]]
  branch = "master"
  digest = "1:686271503362bc7607c15de8156cdf93ee989da36921511589e5f9ab1a85f63a"
  name = "golang.org/x/oauth2"
  packages = [
    ".",
    "google",
    "internal",
    "jws",
    "jwt",
  ]
  pruneopts = "NUT"
  revision = "bb50c06baba3d0c76f9d125c0719093e315b5b44"

[[projects]]
  branch = "master"
  digest = "1:e0140c0c868c6e0f01c0380865194592c011fe521d6e12d78bfd33e756fe018a"
  name = "golang.org/x/sync"
  packages = ["semaphore"]
  pruneopts = "NUT"
  revision = "8e0aa688b654ef28caa72506fa5ec8dba9fc7690"

[[projects]]
  branch = "master"
  digest = "1:9c5926694a02375b22b3de352c51a0fbf984902edaf38fb14fb70679b1499452"
  name = "golang.org/x/text"
  packages = [
    "cases",
    "internal",
    "internal/gen",
    "internal/tag",
    "internal/triegen",
    "internal/ucd",
    "language",
    "runes",
    "secure/bidirule",
    "secure/precis",
    "transform",
    "unicode/bidi",
    "unicode/cldr",
    "unicode/norm",
    "unicode/rangetable",
    "width",
  ]
  pruneopts = "NUT"
  revision = "6eab0e8f74e86c598ec3b6fad4888e0c11482d48"

[[projects]]
  branch = "master"
  digest = "1:8dca87f1fd5ad7173aa723737e9af8152d1b873cfa3905fd47d291046925d775"
  name = "google.golang.org/api"
  packages = [
    "cloudbuild/v1",
    "cloudtrace/v1",
    "compute/v1",
    "container/v1",
    "dns/v1",
    "gensupport",
    "googleapi",
    "googleapi/internal/uritemplates",
    "googleapi/transport",
    "iam/v1",
    "internal",
    "iterator",
    "option",
    "storage/v1",
    "support/bundler",
    "transport",
    "transport/grpc",
    "transport/http",
  ]
  pruneopts = "NUT"
  revision = "672d215daf0631fcae4c08c2a4324a763aaaf789"

[[projects]]
  digest = "1:626ac4e70ef18262989f8c52503259109e1a2e5580d23aeae0f0e0349819dade"
  name = "google.golang.org/appengine"
  packages = [
    ".",
    "internal",
    "internal/app_identity",
    "internal/base",
    "internal/datastore",
    "internal/log",
    "internal/modules",
    "internal/remote_api",
    "internal/socket",
    "internal/urlfetch",
    "socket",
    "urlfetch",
  ]
  pruneopts = "NUT"
  revision = "150dc57a1b433e64154302bdc40b6bb8aefa313a"
  version = "v1.0.0"

[[projects]]
  branch = "master"
  digest = "1:97dfe59429d17235a8ec4302c1040e85518c6486d86b47f00591049e58f07456"
  name = "google.golang.org/genproto"
  packages = [
    "googleapis/api/annotations",
    "googleapis/api/distribution",
    "googleapis/api/label",
    "googleapis/api/metric",
    "googleapis/api/monitoredres",
    "googleapis/iam/v1",
    "googleapis/logging/type",
    "googleapis/logging/v2",
    "googleapis/rpc/status",
    "protobuf/field_mask",
  ]
  pruneopts = "NUT"
  revision = "f676e0f3ac6395ff1a529ae59a6670878a8371a6"

[[projects]]
  digest = "1:ac32b6e3efcbac56de57aa7a904d39d18bf505d6f94d50f78591b8bbc1eb9a19"
  name = "google.golang.org/grpc"
  packages = [
    ".",
    "balancer",
    "codes",
    "connectivity",
    "credentials",
    "credentials/oauth",
    "grpclb/grpc_lb_v1/messages",
    "grpclog",
    "internal",
    "keepalive",
    "metadata",
    "naming",
    "peer",
    "resolver",
    "stats",
    "status",
    "tap",
    "transport",
  ]
  pruneopts = "NUT"
  revision = "61d37c5d657a47e4404fd6823bd598341a2595de"
  version = "v1.7.1"

[[projects]]
  branch = "v2"
  digest = "1:c85dc78b3426641ebf2a0bbf5b731b5c4613ddb5987dbe218f7e75468dcd56f5"
  name = "gopkg.in/yaml.v2"
  packages = ["."]
  pruneopts = "NUT"
  revision = "eb3733d160e74a9c7e442f435eb3bea458e1d19f"

[[projects]]
  branch = "master"
  digest = "1:9e4aa26e9c00aa7171d12d8918c812596a1b2b019aba11f729f83a7579d99c95"
  name = "upspin.io"
  packages = [
    "access",
    "bind",
    "cache",
    "client",
    "client/clientutil",
    "client/file",
    "cloud/https",
    "cloud/mail",
    "cloud/mail/sendgrid",
    "cloud/storage",
    "config",
    "dir/inprocess",
    "dir/remote",
    "dir/server",
    "dir/server/serverlog",
    "dir/server/tree",
    "dir/unassigned",
    "errors",
    "factotum",
    "flags",
    "key/inprocess",
    "key/remote",
    "key/server",
    "key/sha256key",
    "key/transports",
    "key/unassigned",
    "key/usercache",
    "log",
    "metric",
    "pack",
    "pack/ee",
    "pack/eeintegrity",
    "pack/internal",
    "pack/packutil",
    "pack/plain",
    "path",
    "rpc",
    "rpc/dirserver",
    "rpc/keyserver",
    "rpc/local",
    "rpc/storeserver",
    "serverutil",
    "serverutil/dirserver",
    "serverutil/frontend",
    "serverutil/keyserver",
    "serverutil/perm",
    "serverutil/signup",
    "serverutil/storeserver",
    "serverutil/upspinserver",
    "serverutil/web",
    "shutdown",
    "store/inprocess",
    "store/remote",
    "store/server",
    "store/transports",
    "store/unassigned",
    "subcmd",
    "test/testutil",
    "transports",
    "upspin",
    "upspin/proto",
    "user",
    "valid",
    "version",
  ]
  pruneopts = "NUT"
  revision = "c137ad0d6be9a0c1fef0f54a356311a95bcd09ce"

[solve-meta]
  analyzer-name = "dep"
  analyzer-version = 1
  input-imports = [
    "cloud.google.com/go/compute/metadata",
    "cloud.google.com/go/logging",
    "cloud.google.com/go/storage",
    "golang.org/x/net/context",
    "golang.org/x/oauth2",
    "golang.org/x/oauth2/google",
    "google.golang.org/api/cloudbuild/v1",
    "google.golang.org/api/cloudtrace/v1",
    "google.golang.org/api/compute/v1",
    "google.golang.org/api/container/v1",
    "google.golang.org/api/dns/v1",
    "google.golang.org/api/googleapi",
    "google.golang.org/api/iam/v1",
    "google.golang.org/api/iterator",
    "google.golang.org/api/option",
    "google.golang.org/api/storage/v1",
    "upspin.io/access",
    "upspin.io/cache",
    "upspin.io/cloud/https",
    "upspin.io/cloud/storage",
    "upspin.io/config",
    "upspin.io/errors",
    "upspin.io/flags",
    "upspin.io/key/transports",
    "upspin.io/log",
    "upspin.io/metric",
    "upspin.io/pack",
    "upspin.io/pack/ee",
    "upspin.io/pack/eeintegrity",
    "upspin.io/pack/plain",
    "upspin.io/path",
    "upspin.io/rpc/dirserver",
    "upspin.io/rpc/storeserver",
    "upspin.io/serverutil",
    "upspin.io/serverutil/dirserver",
    "upspin.io/serverutil/frontend",
    "upspin.io/serverutil/keyserver",
    "upspin.io/serverutil/storeserver",
    "upspin.io/serverutil/upspinserver",
    "upspin.io/subcmd",
    "upspin.io/transports",
    "upspin.io/upspin",
    "upspin.io/valid",
  ]
  solver-name = "gps-cdcl"
  solver-version = 1
